{
    "_meta": {
        "hash": {
            "sha256": "9542d840ffe37932e6d8d77a27d4ebc5822a8769fba8ad3a2414d1eed80069ff"
        },
        "pipfile-spec": 6,
        "requires": {
            "python_version": "3.6"
        },
        "sources": [
            {
                "name": "pypi",
                "url": "https://pypi.python.org/simple",
                "verify_ssl": true
            }
        ]
    },
    "default": {
        "beautifulsoup4": {
            "hashes": [
                "sha256:11a9a27b7d3bddc6d86f59fb76afb70e921a25ac2d6cc55b40d072bd68435a76",
                "sha256:7015e76bf32f1f574636c4288399a6de66ce08fb7b2457f628a8d70c0fbabb11",
                "sha256:808b6ac932dccb0a4126558f7dfdcf41710dd44a4ef497a0bb59a77f9f078e89"
            ],
            "version": "==4.6.0"
        },
        "slackclient": {
            "hashes": [
                "sha256:557dbf7715fc8db0937813367ec3cc72cd14caf70bbdf12ff394ff3ae3ce8317"
            ],
            "version": "==1.2.0"
        }
    },
    "develop": {}
}
