{
    "_meta": {
        "hash": {
            "sha256": "7cbc13eefe939843e0a4a034a1a4031f951680bb82c9b95e3d87d84052c5736a"
        },
        "pipfile-spec": 6,
        "requires": {
            "python_version": "3.6"
        },
        "sources": [
            {
                "name": "pypi",
                "url": "https://pypi.python.org/simple",
                "verify_ssl": true
            }
        ]
    },
    "default": {
        "beautifulsoup4": {
            "hashes": [
                "sha256:194ec62a25438adcb3fdb06378b26559eda1ea8a747367d34c33cef9c7f48d57",
                "sha256:90f8e61121d6ae58362ce3bed8cd997efb00c914eae0ff3d363c32f9a9822d10",
                "sha256:f0abd31228055d698bb392a826528ea08ebb9959e6bea17c606fd9c9009db938"
            ],
            "index": "pypi",
            "version": "==4.6.3"
        },
        "certifi": {
            "hashes": [
                "sha256:35824b4c3a97115964b408844d64aa14db1cc518f6562e8d7261699d1350a9e3",
                "sha256:4ad3232f5e926d6718ec31cfc1fcadfde020920e278684144551c91769c7bc18"
            ],
            "index": "pypi",
            "version": "==2022.12.7"
        },
        "chardet": {
            "hashes": [
                "sha256:84ab92ed1c4d4f16916e05906b6b75a6c0fb5db821cc65e70cbd64a3e2a5eaae",
                "sha256:fc323ffcaeaed0e0a02bf4d117757b98aed530d9ed4531e3e15460124c106691"
            ],
            "version": "==3.0.4"
        },
        "idna": {
            "hashes": [
                "sha256:c357b3f628cf53ae2c4c05627ecc484553142ca23264e593d327bcde5e9c3407",
                "sha256:ea8b7f6188e6fa117537c3df7da9fc686d485087abf6ac197f9c46432f7e4a3c"
            ],
            "version": "==2.8"
        },
        "requests": {
            "hashes": [
                "sha256:502a824f31acdacb3a35b6690b5fbf0bc41d63a24a45c4004352b0242707598e",
                "sha256:7bf2a778576d825600030a110f3c0e3e8edc51dfaafe1c146e39a2027784957b"
            ],
            "index": "pypi",
            "version": "==2.21.0"
        },
        "six": {
            "hashes": [
                "sha256:1e61c37477a1626458e36f7b1d82aa5c9b094fa4802892072e49de9c60c4c926",
                "sha256:8abb2f1d86890a2dfb989f9a77cfcfd3e47c2a354b01111771326f8aa26e0254"
            ],
            "markers": "python_version >= '2.7' and python_version not in '3.0, 3.1, 3.2, 3.3'",
            "version": "==1.16.0"
        },
        "slackclient": {
            "hashes": [
                "sha256:4d5f2d5b05a8fa717b745efa934d0a4240dfc8442f169fb2a8af4e5adb8297ad",
                "sha256:d06b2105a1044651a7dcefe77c24cade6ae7c98ff53422e970634e62862e7bf3"
            ],
            "index": "pypi",
            "version": "==1.3.0"
        },
        "urllib3": {
            "hashes": [
                "sha256:4c291ca23bbb55c76518905869ef34bdd5f0e46af7afe6861e8375643ffee1a0",
                "sha256:9a247273df709c4fedb38c711e44292304f73f39ab01beda9f6b9fc375669ac3"
            ],
            "index": "pypi",
            "version": "==1.24.2"
        },
        "websocket-client": {
            "hashes": [
                "sha256:2e50d26ca593f70aba7b13a489435ef88b8fc3b5c5643c1ce8808ff9b40f0b32",
                "sha256:d376bd60eace9d437ab6d7ee16f4ab4e821c9dae591e1b783c58ebd8aaf80c5c"
            ],
            "markers": "python_version >= '2.6' and python_version not in '3.0, 3.1, 3.2, 3.3'",
            "version": "==0.59.0"
        }
    },
    "develop": {}
}
